
Microsoft Visual Studio Solution File, Format Version 12.00
# Visual Studio Version 16
VisualStudioVersion = 16.0.30523.141
MinimumVisualStudioVersion = 10.0.40219.1
Project("{FAE04EC0-301F-11D3-BF4B-00C04F79EFBC}") = "BFBCServerList", "BFBCServerList\BFBCServerList.csproj", "{3A81132C-C18B-4861-BB7F-3905D0E932C8}"
EndProject
Global
	GlobalSection(SolutionConfigurationPlatforms) = preSolution
		Debug|Any CPU = Debug|Any CPU
		Release|Any CPU = Release|Any CPU
	EndGlobalSection
	GlobalSection(ProjectConfigurationPlatforms) = postSolution
		{3A81132C-C18B-4861-BB7F-3905D0E932C8}.Debug|Any CPU.ActiveCfg = Debug|Any CPU
		{3A81132C-C18B-4861-BB7F-3905D0E932C8}.Debug|Any CPU.Build.0 = Debug|Any CPU
		{3A81132C-C18B-4861-BB7F-3905D0E932C8}.Release|Any CPU.ActiveCfg = Release|Any CPU
		{3A81132C-C18B-4861-BB7F-3905D0E932C8}.Release|Any CPU.Build.0 = Release|Any CPU
	EndGlobalSection
	GlobalSection(SolutionProperties) = preSolution
		HideSolutionNode = FALSE
	EndGlobalSection
	GlobalSection(ExtensibilityGlobals) = postSolution
		SolutionGuid = {5441FCDC-D1B7-4E0A-B81C-F35E7743AD32}
	EndGlobalSection
EndGlobal
